// !$*UTF8*$!
{
	archiveVersion = 1;
	classes = {
	};
	objectVersion = 48;
	objects = {

/* Begin PBXBuildFile section */
		376F104F1FBC6AB30034FD9C /* WebViewController.swift in Sources */ = {isa = PBXBuildFile; fileRef = 376F104E1FBC6AB30034FD9C /* WebViewController.swift */; };
		37AB38981FBD9BF30091873C /* ArticlesForDate.swift in Sources */ = {isa = PBXBuildFile; fileRef = 37AB38971FBD9BF30091873C /* ArticlesForDate.swift */; };
		37C4A1141FB2F85E0000024B /* AppDelegate.swift in Sources */ = {isa = PBXBuildFile; fileRef = 37C4A1131FB2F85E0000024B /* AppDelegate.swift */; };
		37C4A1191FB2F85E0000024B /* Main.storyboard in Resources */ = {isa = PBXBuildFile; fileRef = 37C4A1171FB2F85E0000024B /* Main.storyboard */; };
		37C4A11C1FB2F85E0000024B /* Task1.xcdatamodeld in Sources */ = {isa = PBXBuildFile; fileRef = 37C4A11A1FB2F85E0000024B /* Task1.xcdatamodeld */; };
		37C4A11E1FB2F85E0000024B /* Assets.xcassets in Resources */ = {isa = PBXBuildFile; fileRef = 37C4A11D1FB2F85E0000024B /* Assets.xcassets */; };
		37C4A1211FB2F85E0000024B /* LaunchScreen.storyboard in Resources */ = {isa = PBXBuildFile; fileRef = 37C4A11F1FB2F85E0000024B /* LaunchScreen.storyboard */; };
		37C4A12C1FB2F85E0000024B /* Task1Tests.swift in Sources */ = {isa = PBXBuildFile; fileRef = 37C4A12B1FB2F85E0000024B /* Task1Tests.swift */; };
		37C4A1391FB302E60000024B /* ArticleTableViewController.swift in Sources */ = {isa = PBXBuildFile; fileRef = 37C4A1381FB302E60000024B /* ArticleTableViewController.swift */; };
		37C4A13C1FB3038B0000024B /* ArticleDetailsViewController.swift in Sources */ = {isa = PBXBuildFile; fileRef = 37C4A13B1FB3038B0000024B /* ArticleDetailsViewController.swift */; };
		37C4A13F1FB313F90000024B /* ArticlesUpdater.swift in Sources */ = {isa = PBXBuildFile; fileRef = 37C4A13E1FB313F90000024B /* ArticlesUpdater.swift */; };
		37C4A1411FB3366D0000024B /* Article.swift in Sources */ = {isa = PBXBuildFile; fileRef = 37C4A1401FB3366D0000024B /* Article.swift */; };
/* End PBXBuildFile section */

/* Begin PBXContainerItemProxy section */
		37C4A1281FB2F85E0000024B /* PBXContainerItemProxy */ = {
			isa = PBXContainerItemProxy;
			containerPortal = 37C4A1081FB2F85E0000024B /* Project object */;
			proxyType = 1;
			remoteGlobalIDString = 37C4A10F1FB2F85E0000024B;
			remoteInfo = Task1;
		};
/* End PBXContainerItemProxy section */

/* Begin PBXFileReference section */
		376F104E1FBC6AB30034FD9C /* WebViewController.swift */ = {isa = PBXFileReference; lastKnownFileType = sourcecode.swift; path = WebViewController.swift; sourceTree = "<group>"; };
		37AB38971FBD9BF30091873C /* ArticlesForDate.swift */ = {isa = PBXFileReference; lastKnownFileType = sourcecode.swift; path = ArticlesForDate.swift; sourceTree = "<group>"; };
		37C4A1101FB2F85E0000024B /* Task1.app */ = {isa = PBXFileReference; explicitFileType = wrapper.application; includeInIndex = 0; path = Task1.app; sourceTree = BUILT_PRODUCTS_DIR; };
		37C4A1131FB2F85E0000024B /* AppDelegate.swift */ = {isa = PBXFileReference; lastKnownFileType = sourcecode.swift; path = AppDelegate.swift; sourceTree = "<group>"; };
		37C4A1181FB2F85E0000024B /* Base */ = {isa = PBXFileReference; lastKnownFileType = file.storyboard; name = Base; path = Base.lproj/Main.storyboard; sourceTree = "<group>"; };
		37C4A11B1FB2F85E0000024B /* Task1.xcdatamodel */ = {isa = PBXFileReference; lastKnownFileType = wrapper.xcdatamodel; path = Task1.xcdatamodel; sourceTree = "<group>"; };
		37C4A11D1FB2F85E0000024B /* Assets.xcassets */ = {isa = PBXFileReference; lastKnownFileType = folder.assetcatalog; path = Assets.xcassets; sourceTree = "<group>"; };
		37C4A1201FB2F85E0000024B /* Base */ = {isa = PBXFileReference; lastKnownFileType = file.storyboard; name = Base; path = Base.lproj/LaunchScreen.storyboard; sourceTree = "<group>"; };
		37C4A1221FB2F85E0000024B /* Info.plist */ = {isa = PBXFileReference; lastKnownFileType = text.plist.xml; path = Info.plist; sourceTree = "<group>"; };
		37C4A1271FB2F85E0000024B /* Task1Tests.xctest */ = {isa = PBXFileReference; explicitFileType = wrapper.cfbundle; includeInIndex = 0; path = Task1Tests.xctest; sourceTree = BUILT_PRODUCTS_DIR; };
		37C4A12B1FB2F85E0000024B /* Task1Tests.swift */ = {isa = PBXFileReference; lastKnownFileType = sourcecode.swift; path = Task1Tests.swift; sourceTree = "<group>"; };
		37C4A12D1FB2F85E0000024B /* Info.plist */ = {isa = PBXFileReference; lastKnownFileType = text.plist.xml; path = Info.plist; sourceTree = "<group>"; };
		37C4A1381FB302E60000024B /* ArticleTableViewController.swift */ = {isa = PBXFileReference; lastKnownFileType = sourcecode.swift; path = ArticleTableViewController.swift; sourceTree = "<group>"; };
		37C4A13B1FB3038B0000024B /* ArticleDetailsViewController.swift */ = {isa = PBXFileReference; lastKnownFileType = sourcecode.swift; path = ArticleDetailsViewController.swift; sourceTree = "<group>"; };
		37C4A13E1FB313F90000024B /* ArticlesUpdater.swift */ = {isa = PBXFileReference; lastKnownFileType = sourcecode.swift; path = ArticlesUpdater.swift; sourceTree = "<group>"; };
		37C4A1401FB3366D0000024B /* Article.swift */ = {isa = PBXFileReference; lastKnownFileType = sourcecode.swift; path = Article.swift; sourceTree = "<group>"; };
/* End PBXFileReference section */

/* Begin PBXFrameworksBuildPhase section */
		37C4A10D1FB2F85E0000024B /* Frameworks */ = {
			isa = PBXFrameworksBuildPhase;
			buildActionMask = 2147483647;
			files = (
			);
			runOnlyForDeploymentPostprocessing = 0;
		};
		37C4A1241FB2F85E0000024B /* Frameworks */ = {
			isa = PBXFrameworksBuildPhase;
			buildActionMask = 2147483647;
			files = (
			);
			runOnlyForDeploymentPostprocessing = 0;
		};
/* End PBXFrameworksBuildPhase section */

/* Begin PBXGroup section */
		37C4A1071FB2F85E0000024B = {
			isa = PBXGroup;
			children = (
				37C4A1121FB2F85E0000024B /* Task1 */,
				37C4A12A1FB2F85E0000024B /* Task1Tests */,
				37C4A1111FB2F85E0000024B /* Products */,
			);
			sourceTree = "<group>";
		};
		37C4A1111FB2F85E0000024B /* Products */ = {
			isa = PBXGroup;
			children = (
				37C4A1101FB2F85E0000024B /* Task1.app */,
				37C4A1271FB2F85E0000024B /* Task1Tests.xctest */,
			);
			name = Products;
			sourceTree = "<group>";
		};
		37C4A1121FB2F85E0000024B /* Task1 */ = {
			isa = PBXGroup;
			children = (
				37C4A13D1FB313CF0000024B /* Models */,
				37C4A13A1FB303040000024B /* Controllers */,
				37C4A1131FB2F85E0000024B /* AppDelegate.swift */,
				37C4A1171FB2F85E0000024B /* Main.storyboard */,
				37C4A11D1FB2F85E0000024B /* Assets.xcassets */,
				37C4A11F1FB2F85E0000024B /* LaunchScreen.storyboard */,
				37C4A1221FB2F85E0000024B /* Info.plist */,
			);
			path = Task1;
			sourceTree = "<group>";
		};
		37C4A12A1FB2F85E0000024B /* Task1Tests */ = {
			isa = PBXGroup;
			children = (
				37C4A12B1FB2F85E0000024B /* Task1Tests.swift */,
				37C4A12D1FB2F85E0000024B /* Info.plist */,
			);
			path = Task1Tests;
			sourceTree = "<group>";
		};
		37C4A13A1FB303040000024B /* Controllers */ = {
			isa = PBXGroup;
			children = (
				37C4A1381FB302E60000024B /* ArticleTableViewController.swift */,
				37C4A13B1FB3038B0000024B /* ArticleDetailsViewController.swift */,
				376F104E1FBC6AB30034FD9C /* WebViewController.swift */,
			);
			path = Controllers;
			sourceTree = "<group>";
		};
		37C4A13D1FB313CF0000024B /* Models */ = {
			isa = PBXGroup;
			children = (
				37C4A11A1FB2F85E0000024B /* Task1.xcdatamodeld */,
				37C4A13E1FB313F90000024B /* ArticlesUpdater.swift */,
				37C4A1401FB3366D0000024B /* Article.swift */,
				37AB38971FBD9BF30091873C /* ArticlesForDate.swift */,
			);
			path = Models;
			sourceTree = "<group>";
		};
/* End PBXGroup section */

/* Begin PBXNativeTarget section */
		37C4A10F1FB2F85E0000024B /* Task1 */ = {
			isa = PBXNativeTarget;
			buildConfigurationList = 37C4A1301FB2F85E0000024B /* Build configuration list for PBXNativeTarget "Task1" */;
			buildPhases = (
				37C4A10C1FB2F85E0000024B /* Sources */,
				37C4A10D1FB2F85E0000024B /* Frameworks */,
				37C4A10E1FB2F85E0000024B /* Resources */,
			);
			buildRules = (
			);
			dependencies = (
			);
			name = Task1;
			productName = Task1;
			productReference = 37C4A1101FB2F85E0000024B /* Task1.app */;
			productType = "com.apple.product-type.application";
		};
		37C4A1261FB2F85E0000024B /* Task1Tests */ = {
			isa = PBXNativeTarget;
			buildConfigurationList = 37C4A1331FB2F85E0000024B /* Build configuration list for PBXNativeTarget "Task1Tests" */;
			buildPhases = (
				37C4A1231FB2F85E0000024B /* Sources */,
				37C4A1241FB2F85E0000024B /* Frameworks */,
				37C4A1251FB2F85E0000024B /* Resources */,
			);
			buildRules = (
			);
			dependencies = (
				37C4A1291FB2F85E0000024B /* PBXTargetDependency */,
			);
			name = Task1Tests;
			productName = Task1Tests;
			productReference = 37C4A1271FB2F85E0000024B /* Task1Tests.xctest */;
			productType = "com.apple.product-type.bundle.unit-test";
		};
/* End PBXNativeTarget section */

/* Begin PBXProject section */
		37C4A1081FB2F85E0000024B /* Project object */ = {
			isa = PBXProject;
			attributes = {
				LastSwiftUpdateCheck = 0910;
				LastUpgradeCheck = 0910;
				ORGANIZATIONNAME = user132392;
				TargetAttributes = {
					37C4A10F1FB2F85E0000024B = {
						CreatedOnToolsVersion = 9.1;
						ProvisioningStyle = Automatic;
					};
					37C4A1261FB2F85E0000024B = {
						CreatedOnToolsVersion = 9.1;
						ProvisioningStyle = Automatic;
						TestTargetID = 37C4A10F1FB2F85E0000024B;
					};
				};
			};
			buildConfigurationList = 37C4A10B1FB2F85E0000024B /* Build configuration list for PBXProject "Task1" */;
			compatibilityVersion = "Xcode 8.0";
			developmentRegion = en;
			hasScannedForEncodings = 0;
			knownRegions = (
				en,
				Base,
			);
			mainGroup = 37C4A1071FB2F85E0000024B;
			productRefGroup = 37C4A1111FB2F85E0000024B /* Products */;
			projectDirPath = "";
			projectRoot = "";
			targets = (
				37C4A10F1FB2F85E0000024B /* Task1 */,
				37C4A1261FB2F85E0000024B /* Task1Tests */,
			);
		};
/* End PBXProject section */

/* Begin PBXResourcesBuildPhase section */
		37C4A10E1FB2F85E0000024B /* Resources */ = {
			isa = PBXResourcesBuildPhase;
			buildActionMask = 2147483647;
			files = (
				37C4A1211FB2F85E0000024B /* LaunchScreen.storyboard in Resources */,
				37C4A11E1FB2F85E0000024B /* Assets.xcassets in Resources */,
				37C4A1191FB2F85E0000024B /* Main.storyboard in Resources */,
			);
			runOnlyForDeploymentPostprocessing = 0;
		};
		37C4A1251FB2F85E0000024B /* Resources */ = {
			isa = PBXResourcesBuildPhase;
			buildActionMask = 2147483647;
			files = (
			);
			runOnlyForDeploymentPostprocessing = 0;
		};
/* End PBXResourcesBuildPhase section */

/* Begin PBXSourcesBuildPhase section */
		37C4A10C1FB2F85E0000024B /* Sources */ = {
			isa = PBXSourcesBuildPhase;
			buildActionMask = 2147483647;
			files = (
				37C4A11C1FB2F85E0000024B /* Task1.xcdatamodeld in Sources */,
				37C4A1391FB302E60000024B /* ArticleTableViewController.swift in Sources */,
				37C4A1411FB3366D0000024B /* Article.swift in Sources */,
				37C4A13C1FB3038B0000024B /* ArticleDetailsViewController.swift in Sources */,
				37AB38981FBD9BF30091873C /* ArticlesForDate.swift in Sources */,
				376F104F1FBC6AB30034FD9C /* WebViewController.swift in Sources */,
				37C4A1141FB2F85E0000024B /* AppDelegate.swift in Sources */,
				37C4A13F1FB313F90000024B /* ArticlesUpdater.swift in Sources */,
			);
			runOnlyForDeploymentPostprocessing = 0;
		};
		37C4A1231FB2F85E0000024B /* Sources */ = {
			isa = PBXSourcesBuildPhase;
			buildActionMask = 2147483647;
			files = (
				37C4A12C1FB2F85E0000024B /* Task1Tests.swift in Sources */,
			);
			runOnlyForDeploymentPostprocessing = 0;
		};
/* End PBXSourcesBuildPhase section */

/* Begin PBXTargetDependency section */
		37C4A1291FB2F85E0000024B /* PBXTargetDependency */ = {
			isa = PBXTargetDependency;
			target = 37C4A10F1FB2F85E0000024B /* Task1 */;
			targetProxy = 37C4A1281FB2F85E0000024B /* PBXContainerItemProxy */;
		};
/* End PBXTargetDependency section */

/* Begin PBXVariantGroup section */
		37C4A1171FB2F85E0000024B /* Main.storyboard */ = {
			isa = PBXVariantGroup;
			children = (
				37C4A1181FB2F85E0000024B /* Base */,
			);
			name = Main.storyboard;
			sourceTree = "<group>";
		};
		37C4A11F1FB2F85E0000024B /* LaunchScreen.storyboard */ = {
			isa = PBXVariantGroup;
			children = (
				37C4A1201FB2F85E0000024B /* Base */,
			);
			name = LaunchScreen.storyboard;
			sourceTree = "<group>";
		};
/* End PBXVariantGroup section */

/* Begin XCBuildConfiguration section */
		37C4A12E1FB2F85E0000024B /* Debug */ = {
			isa = XCBuildConfiguration;
			buildSettings = {
				ALWAYS_SEARCH_USER_PATHS = NO;
				CLANG_ANALYZER_NONNULL = YES;
				CLANG_ANALYZER_NUMBER_OBJECT_CONVERSION = YES_AGGRESSIVE;
				CLANG_CXX_LANGUAGE_STANDARD = "gnu++14";
				CLANG_CXX_LIBRARY = "libc++";
				CLANG_ENABLE_MODULES = YES;
				CLANG_ENABLE_OBJC_ARC = YES;
				CLANG_WARN_BLOCK_CAPTURE_AUTORELEASING = YES;
				CLANG_WARN_BOOL_CONVERSION = YES;
				CLANG_WARN_COMMA = YES;
				CLANG_WARN_CONSTANT_CONVERSION = YES;
				CLANG_WARN_DIRECT_OBJC_ISA_USAGE = YES_ERROR;
				CLANG_WARN_DOCUMENTATION_COMMENTS = YES;
				CLANG_WARN_EMPTY_BODY = YES;
				CLANG_WARN_ENUM_CONVERSION = YES;
				CLANG_WARN_INFINITE_RECURSION = YES;
				CLANG_WARN_INT_CONVERSION = YES;
				CLANG_WARN_NON_LITERAL_NULL_CONVERSION = YES;
				CLANG_WARN_OBJC_LITERAL_CONVERSION = YES;
				CLANG_WARN_OBJC_ROOT_CLASS = YES_ERROR;
				CLANG_WARN_RANGE_LOOP_ANALYSIS = YES;
				CLANG_WARN_STRICT_PROTOTYPES = YES;
				CLANG_WARN_SUSPICIOUS_MOVE = YES;
				CLANG_WARN_UNGUARDED_AVAILABILITY = YES_AGGRESSIVE;
				CLANG_WARN_UNREACHABLE_CODE = YES;
				CLANG_WARN__DUPLICATE_METHOD_MATCH = YES;
				CODE_SIGN_IDENTITY = "iPhone Developer";
				COPY_PHASE_STRIP = NO;
				DEBUG_INFORMATION_FORMAT = dwarf;
				ENABLE_STRICT_OBJC_MSGSEND = YES;
				ENABLE_TESTABILITY = YES;
				GCC_C_LANGUAGE_STANDARD = gnu11;
				GCC_DYNAMIC_NO_PIC = NO;
				GCC_NO_COMMON_BLOCKS = YES;
				GCC_OPTIMIZATION_LEVEL = 0;
				GCC_PREPROCESSOR_DEFINITIONS = (
					"DEBUG=1",
					"$(inherited)",
				);
				GCC_WARN_64_TO_32_BIT_CONVERSION = YES;
				GCC_WARN_ABOUT_RETURN_TYPE = YES_ERROR;
				GCC_WARN_UNDECLARED_SELECTOR = YES;
				GCC_WARN_UNINITIALIZED_AUTOS = YES_AGGRESSIVE;
				GCC_WARN_UNUSED_FUNCTION = YES;
				GCC_WARN_UNUSED_VARIABLE = YES;
				IPHONEOS_DEPLOYMENT_TARGET = 11.1;
				MTL_ENABLE_DEBUG_INFO = YES;
				ONLY_ACTIVE_ARCH = YES;
				SDKROOT = iphoneos;
				SWIFT_ACTIVE_COMPILATION_CONDITIONS = DEBUG;
				SWIFT_OPTIMIZATION_LEVEL = "-Onone";
			};
			name = Debug;
		};
		37C4A12F1FB2F85E0000024B /* Release */ = {
			isa = XCBuildConfiguration;
			buildSettings = {
				ALWAYS_SEARCH_USER_PATHS = NO;
				CLANG_ANALYZER_NONNULL = YES;
				CLANG_ANALYZER_NUMBER_OBJECT_CONVERSION = YES_AGGRESSIVE;
				CLANG_CXX_LANGUAGE_STANDARD = "gnu++14";
				CLANG_CXX_LIBRARY = "libc++";
				CLANG_ENABLE_MODULES = YES;
				CLANG_ENABLE_OBJC_ARC = YES;
				CLANG_WARN_BLOCK_CAPTURE_AUTORELEASING = YES;
				CLANG_WARN_BOOL_CONVERSION = YES;
				CLANG_WARN_COMMA = YES;
				CLANG_WARN_CONSTANT_CONVERSION = YES;
				CLANG_WARN_DIRECT_OBJC_ISA_USAGE = YES_ERROR;
				CLANG_WARN_DOCUMENTATION_COMMENTS = YES;
				CLANG_WARN_EMPTY_BODY = YES;
				CLANG_WARN_ENUM_CONVERSION = YES;
				CLANG_WARN_INFINITE_RECURSION = YES;
				CLANG_WARN_INT_CONVERSION = YES;
				CLANG_WARN_NON_LITERAL_NULL_CONVERSION = YES;
				CLANG_WARN_OBJC_LITERAL_CONVERSION = YES;
				CLANG_WARN_OBJC_ROOT_CLASS = YES_ERROR;
				CLANG_WARN_RANGE_LOOP_ANALYSIS = YES;
				CLANG_WARN_STRICT_PROTOTYPES = YES;
				CLANG_WARN_SUSPICIOUS_MOVE = YES;
				CLANG_WARN_UNGUARDED_AVAILABILITY = YES_AGGRESSIVE;
				CLANG_WARN_UNREACHABLE_CODE = YES;
				CLANG_WARN__DUPLICATE_METHOD_MATCH = YES;
				CODE_SIGN_IDENTITY = "iPhone Developer";
				COPY_PHASE_STRIP = NO;
				DEBUG_INFORMATION_FORMAT = "dwarf-with-dsym";
				ENABLE_NS_ASSERTIONS = NO;
				ENABLE_STRICT_OBJC_MSGSEND = YES;
				GCC_C_LANGUAGE_STANDARD = gnu11;
				GCC_NO_COMMON_BLOCKS = YES;
				GCC_WARN_64_TO_32_BIT_CONVERSION = YES;
				GCC_WARN_ABOUT_RETURN_TYPE = YES_ERROR;
				GCC_WARN_UNDECLARED_SELECTOR = YES;
				GCC_WARN_UNINITIALIZED_AUTOS = YES_AGGRESSIVE;
				GCC_WARN_UNUSED_FUNCTION = YES;
				GCC_WARN_UNUSED_VARIABLE = YES;
				IPHONEOS_DEPLOYMENT_TARGET = 11.1;
				MTL_ENABLE_DEBUG_INFO = NO;
				SDKROOT = iphoneos;
				SWIFT_OPTIMIZATION_LEVEL = "-Owholemodule";
				VALIDATE_PRODUCT = YES;
			};
			name = Release;
		};
		37C4A1311FB2F85E0000024B /* Debug */ = {
			isa = XCBuildConfiguration;
			buildSettings = {
				ASSETCATALOG_COMPILER_APPICON_NAME = AppIcon;
				CODE_SIGN_STYLE = Automatic;
				INFOPLIST_FILE = Task1/Info.plist;
				LD_RUNPATH_SEARCH_PATHS = "$(inherited) @executable_path/Frameworks";
				PRODUCT_BUNDLE_IDENTIFIER = pl.lhsystems.Task1;
				PRODUCT_NAME = "$(TARGET_NAME)";
				SWIFT_VERSION = 4.0;
				TARGETED_DEVICE_FAMILY = "1,2";
			};
			name = Debug;
		};
		37C4A1321FB2F85E0000024B /* Release */ = {
			isa = XCBuildConfiguration;
			buildSettings = {
				ASSETCATALOG_COMPILER_APPICON_NAME = AppIcon;
				CODE_SIGN_STYLE = Automatic;
				INFOPLIST_FILE = Task1/Info.plist;
				LD_RUNPATH_SEARCH_PATHS = "$(inherited) @executable_path/Frameworks";
				PRODUCT_BUNDLE_IDENTIFIER = pl.lhsystems.Task1;
				PRODUCT_NAME = "$(TARGET_NAME)";
				SWIFT_VERSION = 4.0;
				TARGETED_DEVICE_FAMILY = "1,2";
			};
			name = Release;
		};
		37C4A1341FB2F85E0000024B /* Debug */ = {
			isa = XCBuildConfiguration;
			buildSettings = {
				ALWAYS_EMBED_SWIFT_STANDARD_LIBRARIES = YES;
				BUNDLE_LOADER = "$(TEST_HOST)";
				CODE_SIGN_STYLE = Automatic;
				INFOPLIST_FILE = Task1Tests/Info.plist;
				LD_RUNPATH_SEARCH_PATHS = "$(inherited) @executable_path/Frameworks @loader_path/Frameworks";
				PRODUCT_BUNDLE_IDENTIFIER = pl.lhsystems.Task1Tests;
				PRODUCT_NAME = "$(TARGET_NAME)";
				SWIFT_VERSION = 4.0;
				TARGETED_DEVICE_FAMILY = "1,2";
				TEST_HOST = "$(BUILT_PRODUCTS_DIR)/Task1.app/Task1";
			};
			name = Debug;
		};
		37C4A1351FB2F85E0000024B /* Release */ = {
			isa = XCBuildConfiguration;
			buildSettings = {
				ALWAYS_EMBED_SWIFT_STANDARD_LIBRARIES = YES;
				BUNDLE_LOADER = "$(TEST_HOST)";
				CODE_SIGN_STYLE = Automatic;
				INFOPLIST_FILE = Task1Tests/Info.plist;
				LD_RUNPATH_SEARCH_PATHS = "$(inherited) @executable_path/Frameworks @loader_path/Frameworks";
				PRODUCT_BUNDLE_IDENTIFIER = pl.lhsystems.Task1Tests;
				PRODUCT_NAME = "$(TARGET_NAME)";
				SWIFT_VERSION = 4.0;
				TARGETED_DEVICE_FAMILY = "1,2";
				TEST_HOST = "$(BUILT_PRODUCTS_DIR)/Task1.app/Task1";
			};
			name = Release;
		};
/* End XCBuildConfiguration section */

/* Begin XCConfigurationList section */
		37C4A10B1FB2F85E0000024B /* Build configuration list for PBXProject "Task1" */ = {
			isa = XCConfigurationList;
			buildConfigurations = (
				37C4A12E1FB2F85E0000024B /* Debug */,
				37C4A12F1FB2F85E0000024B /* Release */,
			);
			defaultConfigurationIsVisible = 0;
			defaultConfigurationName = Release;
		};
		37C4A1301FB2F85E0000024B /* Build configuration list for PBXNativeTarget "Task1" */ = {
			isa = XCConfigurationList;
			buildConfigurations = (
				37C4A1311FB2F85E0000024B /* Debug */,
				37C4A1321FB2F85E0000024B /* Release */,
			);
			defaultConfigurationIsVisible = 0;
			defaultConfigurationName = Release;
		};
		37C4A1331FB2F85E0000024B /* Build configuration list for PBXNativeTarget "Task1Tests" */ = {
			isa = XCConfigurationList;
			buildConfigurations = (
				37C4A1341FB2F85E0000024B /* Debug */,
				37C4A1351FB2F85E0000024B /* Release */,
			);
			defaultConfigurationIsVisible = 0;
			defaultConfigurationName = Release;
		};
/* End XCConfigurationList section */

/* Begin XCVersionGroup section */
		37C4A11A1FB2F85E0000024B /* Task1.xcdatamodeld */ = {
			isa = XCVersionGroup;
			children = (
				37C4A11B1FB2F85E0000024B /* Task1.xcdatamodel */,
			);
			currentVersion = 37C4A11B1FB2F85E0000024B /* Task1.xcdatamodel */;
			path = Task1.xcdatamodeld;
			sourceTree = "<group>";
			versionGroupType = wrapper.xcdatamodel;
		};
/* End XCVersionGroup section */
	};
	rootObject = 37C4A1081FB2F85E0000024B /* Project object */;
}
